
Microsoft Visual Studio Solution File, Format Version 12.00
# Visual Studio Version 17
VisualStudioVersion = 17.14.36301.6 d17.14
MinimumVisualStudioVersion = 10.0.40219.1
Project("{FAE04EC0-301F-11D3-BF4B-00C04F79EFBC}") = "Übung 3 zur SA", "Übung 3 zur SA\Übung 3 zur SA.csproj", "{B048AD53-88FE-4D77-928E-3309495EB03E}"
EndProject
Global
	GlobalSection(SolutionConfigurationPlatforms) = preSolution
		Debug|Any CPU = Debug|Any CPU
		Release|Any CPU = Release|Any CPU
	EndGlobalSection
	GlobalSection(ProjectConfigurationPlatforms) = postSolution
		{B048AD53-88FE-4D77-928E-3309495EB03E}.Debug|Any CPU.ActiveCfg = Debug|Any CPU
		{B048AD53-88FE-4D77-928E-3309495EB03E}.Debug|Any CPU.Build.0 = Debug|Any CPU
		{B048AD53-88FE-4D77-928E-3309495EB03E}.Release|Any CPU.ActiveCfg = Release|Any CPU
		{B048AD53-88FE-4D77-928E-3309495EB03E}.Release|Any CPU.Build.0 = Release|Any CPU
	EndGlobalSection
	GlobalSection(SolutionProperties) = preSolution
		HideSolutionNode = FALSE
	EndGlobalSection
	GlobalSection(ExtensibilityGlobals) = postSolution
		SolutionGuid = {47999396-B946-4735-A027-E5589F953A96}
	EndGlobalSection
EndGlobal
